github.com/JesseCoretta/go-stackage v0.0.1-alpha.9 h1:txcwbAZspI1dIPcOCEHN4Nn0IVDLxr0xw9A2A2yl0VM=
github.com/JesseCoretta/go-stackage v0.0.1-alpha.9/go.mod h1:kfcMUggHyU8LQOldjir3KdXkZMeh1E/FWivmuPklZyQ=
github.com/antlr4-go/antlr/v4 v4.13.0 h1:lxCg3LAv+EUK6t1i0y1V6/SLeUi0eKEKdhQAlS8TVTI=
github.com/antlr4-go/antlr/v4 v4.13.0/go.mod h1:pfChB/xh/Unjila75QW7+VU4TSnWnnk9UTnmpPaOR2g=
golang.org/x/exp v0.0.0-20230515195305-f3d0a9c9a5cc h1:mCRnTeVUjcrhlRmO0VK8a6k6Rrf6TF9htwo2pJVSjIU=
golang.org/x/exp v0.0.0-20230515195305-f3d0a9c9a5cc/go.mod h1:V1LtkGg67GoY2N1AnLN78QLrzxkLyJw7RJb1gzOOz9w=
