github.com/JesseCoretta/go-stackage v0.0.1-alpha.9 h1:txcwbAZspI1dIPcOCEHN4Nn0IVDLxr0xw9A2A2yl0VM=
github.com/JesseCoretta/go-stackage v0.0.1-alpha.9/go.mod h1:kfcMUggHyU8LQOldjir3KdXkZMeh1E/FWivmuPklZyQ=
github.com/JesseCoretta/go-stackage v0.0.2-alpha.0 h1:rknjTiNJAZWgeJNnRqzSvB10puEfkUE5vR/PWSGcwWw=
github.com/JesseCoretta/go-stackage v0.0.2-alpha.0/go.mod h1:kfcMUggHyU8LQOldjir3KdXkZMeh1E/FWivmuPklZyQ=
github.com/JesseCoretta/go-stackage v0.0.2-alpha.1 h1:cXq/JHM/R/6DB/s46tOC7GXFxI3BA2nx8tJkCwwlSYE=
github.com/JesseCoretta/go-stackage v0.0.2-alpha.1/go.mod h1:vjfD8k6brs1Oz49iHbv92JHgRnQW3Il86E8+9fNgbkY=
github.com/JesseCoretta/go-stackage v0.0.2-alpha.4 h1:/QdqjeRigVvLf64h+C0PduFo5hT/kFW1I1NALaUfcxA=
github.com/JesseCoretta/go-stackage v0.0.2-alpha.4/go.mod h1:KHdmtSxLtwHcdB7Zs6CybjTgo1h3Z1l9qSpM70Yv3Lw=
github.com/JesseCoretta/go-stackage v0.0.2-alpha.7 h1:iCj15V7ylTd+j1mFICVC/8Op1+wlheSZPh5JadWockw=
github.com/JesseCoretta/go-stackage v0.0.2-alpha.7/go.mod h1:ETSUnObfK9OsbyDwjVZ4sLbCJkeRhtzQ9muyOnwSxpI=
github.com/JesseCoretta/go-stackage v0.0.2-alpha.9 h1:+tHslb/s8GKasqmT7lZWmYB7KsX3odtZsvEMRQfYbs0=
github.com/JesseCoretta/go-stackage v0.0.2-alpha.9/go.mod h1:x+xxD8I9N7JVURFrjQvLlQAp3AI30egZm7PogZCzB/g=
github.com/JesseCoretta/go-stackage v0.0.3-alpha.0 h1:svWzvZVVytL6v16nip7ociF/Xr3ON8KCKMoVbI+eWnA=
github.com/JesseCoretta/go-stackage v0.0.3-alpha.0/go.mod h1:x+xxD8I9N7JVURFrjQvLlQAp3AI30egZm7PogZCzB/g=
github.com/JesseCoretta/go-stackage v0.0.3-alpha.0.0.20230915073156-fa22d029b913 h1:ilJ+hdIiObZ1P+zhPwDWj6jzriyFo0n2LQ/eKPV8mdY=
github.com/JesseCoretta/go-stackage v0.0.3-alpha.0.0.20230915073156-fa22d029b913/go.mod h1:x+xxD8I9N7JVURFrjQvLlQAp3AI30egZm7PogZCzB/g=
github.com/JesseCoretta/go-stackage v0.0.3-alpha.0.0.20230915085653-806fd28c0132 h1:iuTYrRwLCeMRZo/wcMyowdpw1buNWExFd6Dt0dAcR18=
github.com/JesseCoretta/go-stackage v0.0.3-alpha.0.0.20230915085653-806fd28c0132/go.mod h1:x+xxD8I9N7JVURFrjQvLlQAp3AI30egZm7PogZCzB/g=
github.com/JesseCoretta/go-stackage v0.0.3-alpha.0.0.20230917063119-c5b1c11b1112 h1:Mm/l++4qytP8gidOwlKRh+u9wviKFR0nI3wU2IS60cg=
github.com/JesseCoretta/go-stackage v0.0.3-alpha.0.0.20230917063119-c5b1c11b1112/go.mod h1:x+xxD8I9N7JVURFrjQvLlQAp3AI30egZm7PogZCzB/g=
github.com/JesseCoretta/go-stackage v0.0.3-alpha.0.0.20230917071832-d54179314634 h1:q3E7RSLdUA61AXV97tO+otWNWCrMkd6hSygfxbyQERk=
github.com/JesseCoretta/go-stackage v0.0.3-alpha.0.0.20230917071832-d54179314634/go.mod h1:x+xxD8I9N7JVURFrjQvLlQAp3AI30egZm7PogZCzB/g=
github.com/JesseCoretta/go-stackage v0.0.3-alpha.1 h1:YBgxjo14AiRFYzXxPDO8x62k0ve4R9kFRlkxadkEkdA=
github.com/JesseCoretta/go-stackage v0.0.3-alpha.1/go.mod h1:x+xxD8I9N7JVURFrjQvLlQAp3AI30egZm7PogZCzB/g=
github.com/JesseCoretta/go-stackage v0.0.3-alpha.1.0.20231008030922-c19b07d401f0 h1:p42i6T0XYgaa1xMQVqvqJskypm0x2hoGYWGPHGjRM4Q=
github.com/JesseCoretta/go-stackage v0.0.3-alpha.1.0.20231008030922-c19b07d401f0/go.mod h1:x+xxD8I9N7JVURFrjQvLlQAp3AI30egZm7PogZCzB/g=
github.com/JesseCoretta/go-stackage v1.0.0 h1:X27ZJc99TQjL3aNuXAUqbQ9NUBGQ2dEyblAsuO3+gvE=
github.com/JesseCoretta/go-stackage v1.0.0/go.mod h1:JMqwT2pzRSHpYylydbrZYRe0GqRtADl7OJzy72wV4/8=
github.com/antlr4-go/antlr/v4 v4.13.0 h1:lxCg3LAv+EUK6t1i0y1V6/SLeUi0eKEKdhQAlS8TVTI=
github.com/antlr4-go/antlr/v4 v4.13.0/go.mod h1:pfChB/xh/Unjila75QW7+VU4TSnWnnk9UTnmpPaOR2g=
golang.org/x/exp v0.0.0-20230515195305-f3d0a9c9a5cc h1:mCRnTeVUjcrhlRmO0VK8a6k6Rrf6TF9htwo2pJVSjIU=
golang.org/x/exp v0.0.0-20230515195305-f3d0a9c9a5cc/go.mod h1:V1LtkGg67GoY2N1AnLN78QLrzxkLyJw7RJb1gzOOz9w=
