github.com/JesseCoretta/go-stackage v0.0.1-alpha.9 h1:txcwbAZspI1dIPcOCEHN4Nn0IVDLxr0xw9A2A2yl0VM=
github.com/JesseCoretta/go-stackage v0.0.1-alpha.9/go.mod h1:kfcMUggHyU8LQOldjir3KdXkZMeh1E/FWivmuPklZyQ=
github.com/JesseCoretta/go-stackage v0.0.2-alpha.0 h1:rknjTiNJAZWgeJNnRqzSvB10puEfkUE5vR/PWSGcwWw=
github.com/JesseCoretta/go-stackage v0.0.2-alpha.0/go.mod h1:kfcMUggHyU8LQOldjir3KdXkZMeh1E/FWivmuPklZyQ=
github.com/JesseCoretta/go-stackage v0.0.2-alpha.1 h1:cXq/JHM/R/6DB/s46tOC7GXFxI3BA2nx8tJkCwwlSYE=
github.com/JesseCoretta/go-stackage v0.0.2-alpha.1/go.mod h1:vjfD8k6brs1Oz49iHbv92JHgRnQW3Il86E8+9fNgbkY=
github.com/JesseCoretta/go-stackage v0.0.2-alpha.4 h1:/QdqjeRigVvLf64h+C0PduFo5hT/kFW1I1NALaUfcxA=
github.com/JesseCoretta/go-stackage v0.0.2-alpha.4/go.mod h1:KHdmtSxLtwHcdB7Zs6CybjTgo1h3Z1l9qSpM70Yv3Lw=
github.com/antlr4-go/antlr/v4 v4.13.0 h1:lxCg3LAv+EUK6t1i0y1V6/SLeUi0eKEKdhQAlS8TVTI=
github.com/antlr4-go/antlr/v4 v4.13.0/go.mod h1:pfChB/xh/Unjila75QW7+VU4TSnWnnk9UTnmpPaOR2g=
golang.org/x/exp v0.0.0-20230515195305-f3d0a9c9a5cc h1:mCRnTeVUjcrhlRmO0VK8a6k6Rrf6TF9htwo2pJVSjIU=
golang.org/x/exp v0.0.0-20230515195305-f3d0a9c9a5cc/go.mod h1:V1LtkGg67GoY2N1AnLN78QLrzxkLyJw7RJb1gzOOz9w=
